// !$*UTF8*$!
{
	archiveVersion = 1;
	classes = {
	};
	objectVersion = 50;
	objects = {

/* Begin PBXBuildFile section */
		F270C912267E5ADE003B73F8 /* HIdeKeyboardExtension.swift in Sources */ = {isa = PBXBuildFile; fileRef = F270C911267E5ADE003B73F8 /* HIdeKeyboardExtension.swift */; };
		F270C915267E60C8003B73F8 /* BackgroundImageView.swift in Sources */ = {isa = PBXBuildFile; fileRef = F270C914267E60C8003B73F8 /* BackgroundImageView.swift */; };
		F270C918267E63A7003B73F8 /* NewTaskItemView.swift in Sources */ = {isa = PBXBuildFile; fileRef = F270C917267E63A7003B73F8 /* NewTaskItemView.swift */; };
		F2D523BC267EB0C900B738C5 /* BlankView.swift in Sources */ = {isa = PBXBuildFile; fileRef = F2D523BB267EB0C900B738C5 /* BlankView.swift */; };
		F2EEAFDF267BCEF6009C2048 /* DevoteApp.swift in Sources */ = {isa = PBXBuildFile; fileRef = F2EEAFDE267BCEF6009C2048 /* DevoteApp.swift */; };
		F2EEAFE1267BCEF6009C2048 /* ContentView.swift in Sources */ = {isa = PBXBuildFile; fileRef = F2EEAFE0267BCEF6009C2048 /* ContentView.swift */; };
		F2EEAFE3267BCF09009C2048 /* Assets.xcassets in Resources */ = {isa = PBXBuildFile; fileRef = F2EEAFE2267BCF09009C2048 /* Assets.xcassets */; };
		F2EEAFE6267BCF09009C2048 /* Preview Assets.xcassets in Resources */ = {isa = PBXBuildFile; fileRef = F2EEAFE5267BCF09009C2048 /* Preview Assets.xcassets */; };
		F2EEAFE8267BCF09009C2048 /* Persistence.swift in Sources */ = {isa = PBXBuildFile; fileRef = F2EEAFE7267BCF09009C2048 /* Persistence.swift */; };
		F2EEAFEB267BCF09009C2048 /* Devote.xcdatamodeld in Sources */ = {isa = PBXBuildFile; fileRef = F2EEAFE9267BCF09009C2048 /* Devote.xcdatamodeld */; };
		F2EEAFF6267BD019009C2048 /* sound-tap.mp3 in Resources */ = {isa = PBXBuildFile; fileRef = F2EEAFF3267BD019009C2048 /* sound-tap.mp3 */; };
		F2EEAFF7267BD019009C2048 /* sound-ding.mp3 in Resources */ = {isa = PBXBuildFile; fileRef = F2EEAFF4267BD019009C2048 /* sound-ding.mp3 */; };
		F2EEAFF8267BD019009C2048 /* sound-rise.mp3 in Resources */ = {isa = PBXBuildFile; fileRef = F2EEAFF5267BD019009C2048 /* sound-rise.mp3 */; };
		F2EEB004267C2E43009C2048 /* Constants.swift in Sources */ = {isa = PBXBuildFile; fileRef = F2EEB003267C2E43009C2048 /* Constants.swift */; };
/* End PBXBuildFile section */

/* Begin PBXFileReference section */
		F270C911267E5ADE003B73F8 /* HIdeKeyboardExtension.swift */ = {isa = PBXFileReference; lastKnownFileType = sourcecode.swift; path = HIdeKeyboardExtension.swift; sourceTree = "<group>"; };
		F270C914267E60C8003B73F8 /* BackgroundImageView.swift */ = {isa = PBXFileReference; lastKnownFileType = sourcecode.swift; path = BackgroundImageView.swift; sourceTree = "<group>"; };
		F270C917267E63A7003B73F8 /* NewTaskItemView.swift */ = {isa = PBXFileReference; lastKnownFileType = sourcecode.swift; path = NewTaskItemView.swift; sourceTree = "<group>"; };
		F2D523BB267EB0C900B738C5 /* BlankView.swift */ = {isa = PBXFileReference; lastKnownFileType = sourcecode.swift; path = BlankView.swift; sourceTree = "<group>"; };
		F2EEAFDB267BCEF6009C2048 /* Devote.app */ = {isa = PBXFileReference; explicitFileType = wrapper.application; includeInIndex = 0; path = Devote.app; sourceTree = BUILT_PRODUCTS_DIR; };
		F2EEAFDE267BCEF6009C2048 /* DevoteApp.swift */ = {isa = PBXFileReference; lastKnownFileType = sourcecode.swift; path = DevoteApp.swift; sourceTree = "<group>"; };
		F2EEAFE0267BCEF6009C2048 /* ContentView.swift */ = {isa = PBXFileReference; lastKnownFileType = sourcecode.swift; path = ContentView.swift; sourceTree = "<group>"; };
		F2EEAFE2267BCF09009C2048 /* Assets.xcassets */ = {isa = PBXFileReference; lastKnownFileType = folder.assetcatalog; path = Assets.xcassets; sourceTree = "<group>"; };
		F2EEAFE5267BCF09009C2048 /* Preview Assets.xcassets */ = {isa = PBXFileReference; lastKnownFileType = folder.assetcatalog; path = "Preview Assets.xcassets"; sourceTree = "<group>"; };
		F2EEAFE7267BCF09009C2048 /* Persistence.swift */ = {isa = PBXFileReference; lastKnownFileType = sourcecode.swift; path = Persistence.swift; sourceTree = "<group>"; };
		F2EEAFEA267BCF09009C2048 /* Devote.xcdatamodel */ = {isa = PBXFileReference; lastKnownFileType = wrapper.xcdatamodel; path = Devote.xcdatamodel; sourceTree = "<group>"; };
		F2EEAFEC267BCF09009C2048 /* Info.plist */ = {isa = PBXFileReference; lastKnownFileType = text.plist.xml; path = Info.plist; sourceTree = "<group>"; };
		F2EEAFF3267BD019009C2048 /* sound-tap.mp3 */ = {isa = PBXFileReference; lastKnownFileType = audio.mp3; path = "sound-tap.mp3"; sourceTree = "<group>"; };
		F2EEAFF4267BD019009C2048 /* sound-ding.mp3 */ = {isa = PBXFileReference; lastKnownFileType = audio.mp3; path = "sound-ding.mp3"; sourceTree = "<group>"; };
		F2EEAFF5267BD019009C2048 /* sound-rise.mp3 */ = {isa = PBXFileReference; lastKnownFileType = audio.mp3; path = "sound-rise.mp3"; sourceTree = "<group>"; };
		F2EEB003267C2E43009C2048 /* Constants.swift */ = {isa = PBXFileReference; lastKnownFileType = sourcecode.swift; path = Constants.swift; sourceTree = "<group>"; };
/* End PBXFileReference section */

/* Begin PBXFrameworksBuildPhase section */
		F2EEAFD8267BCEF6009C2048 /* Frameworks */ = {
			isa = PBXFrameworksBuildPhase;
			buildActionMask = 2147483647;
			files = (
			);
			runOnlyForDeploymentPostprocessing = 0;
		};
/* End PBXFrameworksBuildPhase section */

/* Begin PBXGroup section */
		F2EEAFD2267BCEF6009C2048 = {
			isa = PBXGroup;
			children = (
				F2EEAFDD267BCEF6009C2048 /* Devote */,
				F2EEAFDC267BCEF6009C2048 /* Products */,
			);
			sourceTree = "<group>";
		};
		F2EEAFDC267BCEF6009C2048 /* Products */ = {
			isa = PBXGroup;
			children = (
				F2EEAFDB267BCEF6009C2048 /* Devote.app */,
			);
			name = Products;
			sourceTree = "<group>";
		};
		F2EEAFDD267BCEF6009C2048 /* Devote */ = {
			isa = PBXGroup;
			children = (
				F2EEAFDE267BCEF6009C2048 /* DevoteApp.swift */,
				F2EEAFFB267BD055009C2048 /* View */,
				F2EEB000267BD0A7009C2048 /* Model */,
				F2EEAFFF267BD08C009C2048 /* Style */,
				F2EEAFFE267BD086009C2048 /* Utility */,
				F2EEAFFD267BD07F009C2048 /* Extension */,
				F2EEAFFA267BD037009C2048 /* Sound */,
				F2EEAFE2267BCF09009C2048 /* Assets.xcassets */,
				F2EEAFEC267BCF09009C2048 /* Info.plist */,
				F2EEAFE4267BCF09009C2048 /* Preview Content */,
			);
			path = Devote;
			sourceTree = "<group>";
		};
		F2EEAFE4267BCF09009C2048 /* Preview Content */ = {
			isa = PBXGroup;
			children = (
				F2EEAFE5267BCF09009C2048 /* Preview Assets.xcassets */,
			);
			path = "Preview Content";
			sourceTree = "<group>";
		};
		F2EEAFFA267BD037009C2048 /* Sound */ = {
			isa = PBXGroup;
			children = (
				F2EEAFF4267BD019009C2048 /* sound-ding.mp3 */,
				F2EEAFF5267BD019009C2048 /* sound-rise.mp3 */,
				F2EEAFF3267BD019009C2048 /* sound-tap.mp3 */,
			);
			path = Sound;
			sourceTree = "<group>";
		};
		F2EEAFFB267BD055009C2048 /* View */ = {
			isa = PBXGroup;
			children = (
				F2EEAFE0267BCEF6009C2048 /* ContentView.swift */,
				F270C914267E60C8003B73F8 /* BackgroundImageView.swift */,
				F270C917267E63A7003B73F8 /* NewTaskItemView.swift */,
				F2D523BB267EB0C900B738C5 /* BlankView.swift */,
			);
			path = View;
			sourceTree = "<group>";
		};
		F2EEAFFD267BD07F009C2048 /* Extension */ = {
			isa = PBXGroup;
			children = (
				F270C911267E5ADE003B73F8 /* HIdeKeyboardExtension.swift */,
			);
			path = Extension;
			sourceTree = "<group>";
		};
		F2EEAFFE267BD086009C2048 /* Utility */ = {
			isa = PBXGroup;
			children = (
				F2EEB003267C2E43009C2048 /* Constants.swift */,
			);
			path = Utility;
			sourceTree = "<group>";
		};
		F2EEAFFF267BD08C009C2048 /* Style */ = {
			isa = PBXGroup;
			children = (
			);
			path = Style;
			sourceTree = "<group>";
		};
		F2EEB000267BD0A7009C2048 /* Model */ = {
			isa = PBXGroup;
			children = (
				F2EEAFE7267BCF09009C2048 /* Persistence.swift */,
				F2EEAFE9267BCF09009C2048 /* Devote.xcdatamodeld */,
			);
			path = Model;
			sourceTree = "<group>";
		};
/* End PBXGroup section */

/* Begin PBXNativeTarget section */
		F2EEAFDA267BCEF6009C2048 /* Devote */ = {
			isa = PBXNativeTarget;
			buildConfigurationList = F2EEAFEF267BCF09009C2048 /* Build configuration list for PBXNativeTarget "Devote" */;
			buildPhases = (
				F2EEAFD7267BCEF6009C2048 /* Sources */,
				F2EEAFD8267BCEF6009C2048 /* Frameworks */,
				F2EEAFD9267BCEF6009C2048 /* Resources */,
			);
			buildRules = (
			);
			dependencies = (
			);
			name = Devote;
			productName = Devote;
			productReference = F2EEAFDB267BCEF6009C2048 /* Devote.app */;
			productType = "com.apple.product-type.application";
		};
/* End PBXNativeTarget section */

/* Begin PBXProject section */
		F2EEAFD3267BCEF6009C2048 /* Project object */ = {
			isa = PBXProject;
			attributes = {
				LastSwiftUpdateCheck = 1240;
				LastUpgradeCheck = 1240;
				TargetAttributes = {
					F2EEAFDA267BCEF6009C2048 = {
						CreatedOnToolsVersion = 12.4;
					};
				};
			};
			buildConfigurationList = F2EEAFD6267BCEF6009C2048 /* Build configuration list for PBXProject "Devote" */;
			compatibilityVersion = "Xcode 9.3";
			developmentRegion = en;
			hasScannedForEncodings = 0;
			knownRegions = (
				en,
				Base,
			);
			mainGroup = F2EEAFD2267BCEF6009C2048;
			productRefGroup = F2EEAFDC267BCEF6009C2048 /* Products */;
			projectDirPath = "";
			projectRoot = "";
			targets = (
				F2EEAFDA267BCEF6009C2048 /* Devote */,
			);
		};
/* End PBXProject section */

/* Begin PBXResourcesBuildPhase section */
		F2EEAFD9267BCEF6009C2048 /* Resources */ = {
			isa = PBXResourcesBuildPhase;
			buildActionMask = 2147483647;
			files = (
				F2EEAFF8267BD019009C2048 /* sound-rise.mp3 in Resources */,
				F2EEAFF7267BD019009C2048 /* sound-ding.mp3 in Resources */,
				F2EEAFF6267BD019009C2048 /* sound-tap.mp3 in Resources */,
				F2EEAFE6267BCF09009C2048 /* Preview Assets.xcassets in Resources */,
				F2EEAFE3267BCF09009C2048 /* Assets.xcassets in Resources */,
			);
			runOnlyForDeploymentPostprocessing = 0;
		};
/* End PBXResourcesBuildPhase section */

/* Begin PBXSourcesBuildPhase section */
		F2EEAFD7267BCEF6009C2048 /* Sources */ = {
			isa = PBXSourcesBuildPhase;
			buildActionMask = 2147483647;
			files = (
				F2EEB004267C2E43009C2048 /* Constants.swift in Sources */,
				F270C915267E60C8003B73F8 /* BackgroundImageView.swift in Sources */,
				F2EEAFE8267BCF09009C2048 /* Persistence.swift in Sources */,
				F2EEAFE1267BCEF6009C2048 /* ContentView.swift in Sources */,
				F2D523BC267EB0C900B738C5 /* BlankView.swift in Sources */,
				F2EEAFEB267BCF09009C2048 /* Devote.xcdatamodeld in Sources */,
				F270C912267E5ADE003B73F8 /* HIdeKeyboardExtension.swift in Sources */,
				F2EEAFDF267BCEF6009C2048 /* DevoteApp.swift in Sources */,
				F270C918267E63A7003B73F8 /* NewTaskItemView.swift in Sources */,
			);
			runOnlyForDeploymentPostprocessing = 0;
		};
/* End PBXSourcesBuildPhase section */

/* Begin XCBuildConfiguration section */
		F2EEAFED267BCF09009C2048 /* Debug */ = {
			isa = XCBuildConfiguration;
			buildSettings = {
				ALWAYS_SEARCH_USER_PATHS = NO;
				CLANG_ANALYZER_NONNULL = YES;
				CLANG_ANALYZER_NUMBER_OBJECT_CONVERSION = YES_AGGRESSIVE;
				CLANG_CXX_LANGUAGE_STANDARD = "gnu++14";
				CLANG_CXX_LIBRARY = "libc++";
				CLANG_ENABLE_MODULES = YES;
				CLANG_ENABLE_OBJC_ARC = YES;
				CLANG_ENABLE_OBJC_WEAK = YES;
				CLANG_WARN_BLOCK_CAPTURE_AUTORELEASING = YES;
				CLANG_WARN_BOOL_CONVERSION = YES;
				CLANG_WARN_COMMA = YES;
				CLANG_WARN_CONSTANT_CONVERSION = YES;
				CLANG_WARN_DEPRECATED_OBJC_IMPLEMENTATIONS = YES;
				CLANG_WARN_DIRECT_OBJC_ISA_USAGE = YES_ERROR;
				CLANG_WARN_DOCUMENTATION_COMMENTS = YES;
				CLANG_WARN_EMPTY_BODY = YES;
				CLANG_WARN_ENUM_CONVERSION = YES;
				CLANG_WARN_INFINITE_RECURSION = YES;
				CLANG_WARN_INT_CONVERSION = YES;
				CLANG_WARN_NON_LITERAL_NULL_CONVERSION = YES;
				CLANG_WARN_OBJC_IMPLICIT_RETAIN_SELF = YES;
				CLANG_WARN_OBJC_LITERAL_CONVERSION = YES;
				CLANG_WARN_OBJC_ROOT_CLASS = YES_ERROR;
				CLANG_WARN_QUOTED_INCLUDE_IN_FRAMEWORK_HEADER = YES;
				CLANG_WARN_RANGE_LOOP_ANALYSIS = YES;
				CLANG_WARN_STRICT_PROTOTYPES = YES;
				CLANG_WARN_SUSPICIOUS_MOVE = YES;
				CLANG_WARN_UNGUARDED_AVAILABILITY = YES_AGGRESSIVE;
				CLANG_WARN_UNREACHABLE_CODE = YES;
				CLANG_WARN__DUPLICATE_METHOD_MATCH = YES;
				COPY_PHASE_STRIP = NO;
				DEBUG_INFORMATION_FORMAT = dwarf;
				ENABLE_STRICT_OBJC_MSGSEND = YES;
				ENABLE_TESTABILITY = YES;
				GCC_C_LANGUAGE_STANDARD = gnu11;
				GCC_DYNAMIC_NO_PIC = NO;
				GCC_NO_COMMON_BLOCKS = YES;
				GCC_OPTIMIZATION_LEVEL = 0;
				GCC_PREPROCESSOR_DEFINITIONS = (
					"DEBUG=1",
					"$(inherited)",
				);
				GCC_WARN_64_TO_32_BIT_CONVERSION = YES;
				GCC_WARN_ABOUT_RETURN_TYPE = YES_ERROR;
				GCC_WARN_UNDECLARED_SELECTOR = YES;
				GCC_WARN_UNINITIALIZED_AUTOS = YES_AGGRESSIVE;
				GCC_WARN_UNUSED_FUNCTION = YES;
				GCC_WARN_UNUSED_VARIABLE = YES;
				IPHONEOS_DEPLOYMENT_TARGET = 14.4;
				MTL_ENABLE_DEBUG_INFO = INCLUDE_SOURCE;
				MTL_FAST_MATH = YES;
				ONLY_ACTIVE_ARCH = YES;
				SDKROOT = iphoneos;
				SWIFT_ACTIVE_COMPILATION_CONDITIONS = DEBUG;
				SWIFT_OPTIMIZATION_LEVEL = "-Onone";
			};
			name = Debug;
		};
		F2EEAFEE267BCF09009C2048 /* Release */ = {
			isa = XCBuildConfiguration;
			buildSettings = {
				ALWAYS_SEARCH_USER_PATHS = NO;
				CLANG_ANALYZER_NONNULL = YES;
				CLANG_ANALYZER_NUMBER_OBJECT_CONVERSION = YES_AGGRESSIVE;
				CLANG_CXX_LANGUAGE_STANDARD = "gnu++14";
				CLANG_CXX_LIBRARY = "libc++";
				CLANG_ENABLE_MODULES = YES;
				CLANG_ENABLE_OBJC_ARC = YES;
				CLANG_ENABLE_OBJC_WEAK = YES;
				CLANG_WARN_BLOCK_CAPTURE_AUTORELEASING = YES;
				CLANG_WARN_BOOL_CONVERSION = YES;
				CLANG_WARN_COMMA = YES;
				CLANG_WARN_CONSTANT_CONVERSION = YES;
				CLANG_WARN_DEPRECATED_OBJC_IMPLEMENTATIONS = YES;
				CLANG_WARN_DIRECT_OBJC_ISA_USAGE = YES_ERROR;
				CLANG_WARN_DOCUMENTATION_COMMENTS = YES;
				CLANG_WARN_EMPTY_BODY = YES;
				CLANG_WARN_ENUM_CONVERSION = YES;
				CLANG_WARN_INFINITE_RECURSION = YES;
				CLANG_WARN_INT_CONVERSION = YES;
				CLANG_WARN_NON_LITERAL_NULL_CONVERSION = YES;
				CLANG_WARN_OBJC_IMPLICIT_RETAIN_SELF = YES;
				CLANG_WARN_OBJC_LITERAL_CONVERSION = YES;
				CLANG_WARN_OBJC_ROOT_CLASS = YES_ERROR;
				CLANG_WARN_QUOTED_INCLUDE_IN_FRAMEWORK_HEADER = YES;
				CLANG_WARN_RANGE_LOOP_ANALYSIS = YES;
				CLANG_WARN_STRICT_PROTOTYPES = YES;
				CLANG_WARN_SUSPICIOUS_MOVE = YES;
				CLANG_WARN_UNGUARDED_AVAILABILITY = YES_AGGRESSIVE;
				CLANG_WARN_UNREACHABLE_CODE = YES;
				CLANG_WARN__DUPLICATE_METHOD_MATCH = YES;
				COPY_PHASE_STRIP = NO;
				DEBUG_INFORMATION_FORMAT = "dwarf-with-dsym";
				ENABLE_NS_ASSERTIONS = NO;
				ENABLE_STRICT_OBJC_MSGSEND = YES;
				GCC_C_LANGUAGE_STANDARD = gnu11;
				GCC_NO_COMMON_BLOCKS = YES;
				GCC_WARN_64_TO_32_BIT_CONVERSION = YES;
				GCC_WARN_ABOUT_RETURN_TYPE = YES_ERROR;
				GCC_WARN_UNDECLARED_SELECTOR = YES;
				GCC_WARN_UNINITIALIZED_AUTOS = YES_AGGRESSIVE;
				GCC_WARN_UNUSED_FUNCTION = YES;
				GCC_WARN_UNUSED_VARIABLE = YES;
				IPHONEOS_DEPLOYMENT_TARGET = 14.4;
				MTL_ENABLE_DEBUG_INFO = NO;
				MTL_FAST_MATH = YES;
				SDKROOT = iphoneos;
				SWIFT_COMPILATION_MODE = wholemodule;
				SWIFT_OPTIMIZATION_LEVEL = "-O";
				VALIDATE_PRODUCT = YES;
			};
			name = Release;
		};
		F2EEAFF0267BCF09009C2048 /* Debug */ = {
			isa = XCBuildConfiguration;
			buildSettings = {
				ASSETCATALOG_COMPILER_APPICON_NAME = AppIcon;
				ASSETCATALOG_COMPILER_GLOBAL_ACCENT_COLOR_NAME = AccentColor;
				CODE_SIGN_STYLE = Automatic;
				DEVELOPMENT_ASSET_PATHS = "\"Devote/Preview Content\"";
				DEVELOPMENT_TEAM = 7XHFQ957JQ;
				ENABLE_PREVIEWS = YES;
				INFOPLIST_FILE = Devote/Info.plist;
				IPHONEOS_DEPLOYMENT_TARGET = 14.0;
				LD_RUNPATH_SEARCH_PATHS = (
					"$(inherited)",
					"@executable_path/Frameworks",
				);
				PRODUCT_BUNDLE_IDENTIFIER = com.eriksalascode.Devote;
				PRODUCT_NAME = "$(TARGET_NAME)";
				SWIFT_VERSION = 5.0;
				TARGETED_DEVICE_FAMILY = "1,2";
			};
			name = Debug;
		};
		F2EEAFF1267BCF09009C2048 /* Release */ = {
			isa = XCBuildConfiguration;
			buildSettings = {
				ASSETCATALOG_COMPILER_APPICON_NAME = AppIcon;
				ASSETCATALOG_COMPILER_GLOBAL_ACCENT_COLOR_NAME = AccentColor;
				CODE_SIGN_STYLE = Automatic;
				DEVELOPMENT_ASSET_PATHS = "\"Devote/Preview Content\"";
				DEVELOPMENT_TEAM = 7XHFQ957JQ;
				ENABLE_PREVIEWS = YES;
				INFOPLIST_FILE = Devote/Info.plist;
				IPHONEOS_DEPLOYMENT_TARGET = 14.0;
				LD_RUNPATH_SEARCH_PATHS = (
					"$(inherited)",
					"@executable_path/Frameworks",
				);
				PRODUCT_BUNDLE_IDENTIFIER = com.eriksalascode.Devote;
				PRODUCT_NAME = "$(TARGET_NAME)";
				SWIFT_VERSION = 5.0;
				TARGETED_DEVICE_FAMILY = "1,2";
			};
			name = Release;
		};
/* End XCBuildConfiguration section */

/* Begin XCConfigurationList section */
		F2EEAFD6267BCEF6009C2048 /* Build configuration list for PBXProject "Devote" */ = {
			isa = XCConfigurationList;
			buildConfigurations = (
				F2EEAFED267BCF09009C2048 /* Debug */,
				F2EEAFEE267BCF09009C2048 /* Release */,
			);
			defaultConfigurationIsVisible = 0;
			defaultConfigurationName = Release;
		};
		F2EEAFEF267BCF09009C2048 /* Build configuration list for PBXNativeTarget "Devote" */ = {
			isa = XCConfigurationList;
			buildConfigurations = (
				F2EEAFF0267BCF09009C2048 /* Debug */,
				F2EEAFF1267BCF09009C2048 /* Release */,
			);
			defaultConfigurationIsVisible = 0;
			defaultConfigurationName = Release;
		};
/* End XCConfigurationList section */

/* Begin XCVersionGroup section */
		F2EEAFE9267BCF09009C2048 /* Devote.xcdatamodeld */ = {
			isa = XCVersionGroup;
			children = (
				F2EEAFEA267BCF09009C2048 /* Devote.xcdatamodel */,
			);
			currentVersion = F2EEAFEA267BCF09009C2048 /* Devote.xcdatamodel */;
			path = Devote.xcdatamodeld;
			sourceTree = "<group>";
			versionGroupType = wrapper.xcdatamodel;
		};
/* End XCVersionGroup section */
	};
	rootObject = F2EEAFD3267BCEF6009C2048 /* Project object */;
}
